# This file is automatically @generated by Cargo.
# It is not intended for manual editing.
version = 4

[[package]]
name = "day_01_rust"
version = "0.1.0"

[[package]]
name = "day_02_rust"
version = "0.1.0"

[[package]]
name = "day_03_rust"
version = "0.1.0"

[[package]]
name = "day_04_rust"
version = "0.1.0"

[[package]]
name = "day_05_rust"
version = "0.1.0"

[[package]]
name = "day_06_rust"
version = "0.1.0"

[[package]]
name = "day_07_rust"
version = "0.1.0"

[[package]]
name = "day_08_rust"
version = "0.1.0"
